
Microsoft Visual Studio Solution File, Format Version 12.00
# Visual Studio Version 16
VisualStudioVersion = 16.0.31005.135
MinimumVisualStudioVersion = 10.0.40219.1
Project("{9A19103F-16F7-4668-BE54-9A1E7A4F7556}") = "ApiRest.Intergrupo", "ApiRest.Intergrupo\ApiRest.Intergrupo.csproj", "{0095409D-85B5-475C-BA59-75D4EBF9CC33}"
EndProject
Project("{FAE04EC0-301F-11D3-BF4B-00C04F79EFBC}") = "ADO.Intergrupo", "ADO.Intergrupo\ADO.Intergrupo.csproj", "{7DC90AB9-C40A-4017-B450-1921DFF1FEBA}"
EndProject
Global
	GlobalSection(SolutionConfigurationPlatforms) = preSolution
		Debug|Any CPU = Debug|Any CPU
		Release|Any CPU = Release|Any CPU
	EndGlobalSection
	GlobalSection(ProjectConfigurationPlatforms) = postSolution
		{0095409D-85B5-475C-BA59-75D4EBF9CC33}.Debug|Any CPU.ActiveCfg = Debug|Any CPU
		{0095409D-85B5-475C-BA59-75D4EBF9CC33}.Debug|Any CPU.Build.0 = Debug|Any CPU
		{0095409D-85B5-475C-BA59-75D4EBF9CC33}.Release|Any CPU.ActiveCfg = Release|Any CPU
		{0095409D-85B5-475C-BA59-75D4EBF9CC33}.Release|Any CPU.Build.0 = Release|Any CPU
		{7DC90AB9-C40A-4017-B450-1921DFF1FEBA}.Debug|Any CPU.ActiveCfg = Debug|Any CPU
		{7DC90AB9-C40A-4017-B450-1921DFF1FEBA}.Debug|Any CPU.Build.0 = Debug|Any CPU
		{7DC90AB9-C40A-4017-B450-1921DFF1FEBA}.Release|Any CPU.ActiveCfg = Release|Any CPU
		{7DC90AB9-C40A-4017-B450-1921DFF1FEBA}.Release|Any CPU.Build.0 = Release|Any CPU
	EndGlobalSection
	GlobalSection(SolutionProperties) = preSolution
		HideSolutionNode = FALSE
	EndGlobalSection
	GlobalSection(ExtensibilityGlobals) = postSolution
		SolutionGuid = {7886746D-0F89-4372-93B8-C53641401F7F}
	EndGlobalSection
EndGlobal
